// !$*UTF8*$!
{
	archiveVersion = 1;
	classes = {
	};
	objectVersion = 50;
	objects = {

/* Begin PBXBuildFile section */
		BDC75A1026B5F9B5005E16A2 /* AppDelegate.swift in Sources */ = {isa = PBXBuildFile; fileRef = BDC75A0F26B5F9B5005E16A2 /* AppDelegate.swift */; };
		BDC75A1226B5F9B5005E16A2 /* SceneDelegate.swift in Sources */ = {isa = PBXBuildFile; fileRef = BDC75A1126B5F9B5005E16A2 /* SceneDelegate.swift */; };
		BDC75A1426B5F9B5005E16A2 /* ViewController.swift in Sources */ = {isa = PBXBuildFile; fileRef = BDC75A1326B5F9B5005E16A2 /* ViewController.swift */; };
		BDC75A1726B5F9B5005E16A2 /* Main.storyboard in Resources */ = {isa = PBXBuildFile; fileRef = BDC75A1526B5F9B5005E16A2 /* Main.storyboard */; };
		BDC75A1A26B5F9B5005E16A2 /* EsteeLauder2021.xcdatamodeld in Sources */ = {isa = PBXBuildFile; fileRef = BDC75A1826B5F9B5005E16A2 /* EsteeLauder2021.xcdatamodeld */; };
		BDC75A1C26B5F9B5005E16A2 /* Assets.xcassets in Resources */ = {isa = PBXBuildFile; fileRef = BDC75A1B26B5F9B5005E16A2 /* Assets.xcassets */; };
		BDC75A1F26B5F9B6005E16A2 /* LaunchScreen.storyboard in Resources */ = {isa = PBXBuildFile; fileRef = BDC75A1D26B5F9B6005E16A2 /* LaunchScreen.storyboard */; };
		BDC75A2A26B5F9B6005E16A2 /* EsteeLauder2021Tests.swift in Sources */ = {isa = PBXBuildFile; fileRef = BDC75A2926B5F9B6005E16A2 /* EsteeLauder2021Tests.swift */; };
		BDC75A3526B5F9B6005E16A2 /* EsteeLauder2021UITests.swift in Sources */ = {isa = PBXBuildFile; fileRef = BDC75A3426B5F9B6005E16A2 /* EsteeLauder2021UITests.swift */; };
		BDE7E66D26B9EA7B006D175E /* ShadeSelectorViewController.swift in Sources */ = {isa = PBXBuildFile; fileRef = BDE7E66C26B9EA7B006D175E /* ShadeSelectorViewController.swift */; };
		BDE7E6ED26BA2A22006D175E /* ScrollViewController.swift in Sources */ = {isa = PBXBuildFile; fileRef = BDE7E6EC26BA2A22006D175E /* ScrollViewController.swift */; };
		BDE7E6EF26BA59DA006D175E /* Scroll2ViewController.swift in Sources */ = {isa = PBXBuildFile; fileRef = BDE7E6EE26BA59DA006D175E /* Scroll2ViewController.swift */; };
		BDE7E6F126BA59FE006D175E /* Scroll3ViewController.swift in Sources */ = {isa = PBXBuildFile; fileRef = BDE7E6F026BA59FE006D175E /* Scroll3ViewController.swift */; };
		BDE7E6F326BA5A39006D175E /* Scroll4ViewController.swift in Sources */ = {isa = PBXBuildFile; fileRef = BDE7E6F226BA5A39006D175E /* Scroll4ViewController.swift */; };
		BDEFEB3F26B6692E0056AEBB /* SecondViewController.swift in Sources */ = {isa = PBXBuildFile; fileRef = BDEFEB3E26B6692E0056AEBB /* SecondViewController.swift */; };
		BDEFEB4126B66EB20056AEBB /* ThirdViewController.swift in Sources */ = {isa = PBXBuildFile; fileRef = BDEFEB4026B66EB20056AEBB /* ThirdViewController.swift */; };
/* End PBXBuildFile section */

/* Begin PBXContainerItemProxy section */
		BDC75A2626B5F9B6005E16A2 /* PBXContainerItemProxy */ = {
			isa = PBXContainerItemProxy;
			containerPortal = BDC75A0426B5F9B5005E16A2 /* Project object */;
			proxyType = 1;
			remoteGlobalIDString = BDC75A0B26B5F9B5005E16A2;
			remoteInfo = EsteeLauder2021;
		};
		BDC75A3126B5F9B6005E16A2 /* PBXContainerItemProxy */ = {
			isa = PBXContainerItemProxy;
			containerPortal = BDC75A0426B5F9B5005E16A2 /* Project object */;
			proxyType = 1;
			remoteGlobalIDString = BDC75A0B26B5F9B5005E16A2;
			remoteInfo = EsteeLauder2021;
		};
/* End PBXContainerItemProxy section */

/* Begin PBXFileReference section */
		BDC75A0C26B5F9B5005E16A2 /* EsteeLauder2021.app */ = {isa = PBXFileReference; explicitFileType = wrapper.application; includeInIndex = 0; path = EsteeLauder2021.app; sourceTree = BUILT_PRODUCTS_DIR; };
		BDC75A0F26B5F9B5005E16A2 /* AppDelegate.swift */ = {isa = PBXFileReference; lastKnownFileType = sourcecode.swift; path = AppDelegate.swift; sourceTree = "<group>"; };
		BDC75A1126B5F9B5005E16A2 /* SceneDelegate.swift */ = {isa = PBXFileReference; lastKnownFileType = sourcecode.swift; path = SceneDelegate.swift; sourceTree = "<group>"; };
		BDC75A1326B5F9B5005E16A2 /* ViewController.swift */ = {isa = PBXFileReference; lastKnownFileType = sourcecode.swift; path = ViewController.swift; sourceTree = "<group>"; };
		BDC75A1626B5F9B5005E16A2 /* Base */ = {isa = PBXFileReference; lastKnownFileType = file.storyboard; name = Base; path = Base.lproj/Main.storyboard; sourceTree = "<group>"; };
		BDC75A1926B5F9B5005E16A2 /* EsteeLauder2021.xcdatamodel */ = {isa = PBXFileReference; lastKnownFileType = wrapper.xcdatamodel; path = EsteeLauder2021.xcdatamodel; sourceTree = "<group>"; };
		BDC75A1B26B5F9B5005E16A2 /* Assets.xcassets */ = {isa = PBXFileReference; lastKnownFileType = folder.assetcatalog; path = Assets.xcassets; sourceTree = "<group>"; };
		BDC75A1E26B5F9B6005E16A2 /* Base */ = {isa = PBXFileReference; lastKnownFileType = file.storyboard; name = Base; path = Base.lproj/LaunchScreen.storyboard; sourceTree = "<group>"; };
		BDC75A2026B5F9B6005E16A2 /* Info.plist */ = {isa = PBXFileReference; lastKnownFileType = text.plist.xml; path = Info.plist; sourceTree = "<group>"; };
		BDC75A2526B5F9B6005E16A2 /* EsteeLauder2021Tests.xctest */ = {isa = PBXFileReference; explicitFileType = wrapper.cfbundle; includeInIndex = 0; path = EsteeLauder2021Tests.xctest; sourceTree = BUILT_PRODUCTS_DIR; };
		BDC75A2926B5F9B6005E16A2 /* EsteeLauder2021Tests.swift */ = {isa = PBXFileReference; lastKnownFileType = sourcecode.swift; path = EsteeLauder2021Tests.swift; sourceTree = "<group>"; };
		BDC75A2B26B5F9B6005E16A2 /* Info.plist */ = {isa = PBXFileReference; lastKnownFileType = text.plist.xml; path = Info.plist; sourceTree = "<group>"; };
		BDC75A3026B5F9B6005E16A2 /* EsteeLauder2021UITests.xctest */ = {isa = PBXFileReference; explicitFileType = wrapper.cfbundle; includeInIndex = 0; path = EsteeLauder2021UITests.xctest; sourceTree = BUILT_PRODUCTS_DIR; };
		BDC75A3426B5F9B6005E16A2 /* EsteeLauder2021UITests.swift */ = {isa = PBXFileReference; lastKnownFileType = sourcecode.swift; path = EsteeLauder2021UITests.swift; sourceTree = "<group>"; };
		BDC75A3626B5F9B6005E16A2 /* Info.plist */ = {isa = PBXFileReference; lastKnownFileType = text.plist.xml; path = Info.plist; sourceTree = "<group>"; };
		BDE7E66C26B9EA7B006D175E /* ShadeSelectorViewController.swift */ = {isa = PBXFileReference; lastKnownFileType = sourcecode.swift; path = ShadeSelectorViewController.swift; sourceTree = "<group>"; };
		BDE7E6EC26BA2A22006D175E /* ScrollViewController.swift */ = {isa = PBXFileReference; lastKnownFileType = sourcecode.swift; path = ScrollViewController.swift; sourceTree = "<group>"; };
		BDE7E6EE26BA59DA006D175E /* Scroll2ViewController.swift */ = {isa = PBXFileReference; lastKnownFileType = sourcecode.swift; path = Scroll2ViewController.swift; sourceTree = "<group>"; };
		BDE7E6F026BA59FE006D175E /* Scroll3ViewController.swift */ = {isa = PBXFileReference; lastKnownFileType = sourcecode.swift; path = Scroll3ViewController.swift; sourceTree = "<group>"; };
		BDE7E6F226BA5A39006D175E /* Scroll4ViewController.swift */ = {isa = PBXFileReference; lastKnownFileType = sourcecode.swift; path = Scroll4ViewController.swift; sourceTree = "<group>"; };
		BDEFEB3E26B6692E0056AEBB /* SecondViewController.swift */ = {isa = PBXFileReference; lastKnownFileType = sourcecode.swift; path = SecondViewController.swift; sourceTree = "<group>"; };
		BDEFEB4026B66EB20056AEBB /* ThirdViewController.swift */ = {isa = PBXFileReference; lastKnownFileType = sourcecode.swift; path = ThirdViewController.swift; sourceTree = "<group>"; };
/* End PBXFileReference section */

/* Begin PBXFrameworksBuildPhase section */
		BDC75A0926B5F9B5005E16A2 /* Frameworks */ = {
			isa = PBXFrameworksBuildPhase;
			buildActionMask = 2147483647;
			files = (
			);
			runOnlyForDeploymentPostprocessing = 0;
		};
		BDC75A2226B5F9B6005E16A2 /* Frameworks */ = {
			isa = PBXFrameworksBuildPhase;
			buildActionMask = 2147483647;
			files = (
			);
			runOnlyForDeploymentPostprocessing = 0;
		};
		BDC75A2D26B5F9B6005E16A2 /* Frameworks */ = {
			isa = PBXFrameworksBuildPhase;
			buildActionMask = 2147483647;
			files = (
			);
			runOnlyForDeploymentPostprocessing = 0;
		};
/* End PBXFrameworksBuildPhase section */

/* Begin PBXGroup section */
		BDC75A0326B5F9B5005E16A2 = {
			isa = PBXGroup;
			children = (
				BDE7E6F226BA5A39006D175E /* Scroll4ViewController.swift */,
				BDE7E6F026BA59FE006D175E /* Scroll3ViewController.swift */,
				BDE7E6EE26BA59DA006D175E /* Scroll2ViewController.swift */,
				BDE7E6EC26BA2A22006D175E /* ScrollViewController.swift */,
				BDE7E66C26B9EA7B006D175E /* ShadeSelectorViewController.swift */,
				BDEFEB4026B66EB20056AEBB /* ThirdViewController.swift */,
				BDEFEB3E26B6692E0056AEBB /* SecondViewController.swift */,
				BDC75A0E26B5F9B5005E16A2 /* EsteeLauder2021 */,
				BDC75A2826B5F9B6005E16A2 /* EsteeLauder2021Tests */,
				BDC75A3326B5F9B6005E16A2 /* EsteeLauder2021UITests */,
				BDC75A0D26B5F9B5005E16A2 /* Products */,
			);
			sourceTree = "<group>";
		};
		BDC75A0D26B5F9B5005E16A2 /* Products */ = {
			isa = PBXGroup;
			children = (
				BDC75A0C26B5F9B5005E16A2 /* EsteeLauder2021.app */,
				BDC75A2526B5F9B6005E16A2 /* EsteeLauder2021Tests.xctest */,
				BDC75A3026B5F9B6005E16A2 /* EsteeLauder2021UITests.xctest */,
			);
			name = Products;
			sourceTree = "<group>";
		};
		BDC75A0E26B5F9B5005E16A2 /* EsteeLauder2021 */ = {
			isa = PBXGroup;
			children = (
				BDC75A0F26B5F9B5005E16A2 /* AppDelegate.swift */,
				BDC75A1126B5F9B5005E16A2 /* SceneDelegate.swift */,
				BDC75A1326B5F9B5005E16A2 /* ViewController.swift */,
				BDC75A1526B5F9B5005E16A2 /* Main.storyboard */,
				BDC75A1B26B5F9B5005E16A2 /* Assets.xcassets */,
				BDC75A1D26B5F9B6005E16A2 /* LaunchScreen.storyboard */,
				BDC75A2026B5F9B6005E16A2 /* Info.plist */,
				BDC75A1826B5F9B5005E16A2 /* EsteeLauder2021.xcdatamodeld */,
			);
			path = EsteeLauder2021;
			sourceTree = "<group>";
		};
		BDC75A2826B5F9B6005E16A2 /* EsteeLauder2021Tests */ = {
			isa = PBXGroup;
			children = (
				BDC75A2926B5F9B6005E16A2 /* EsteeLauder2021Tests.swift */,
				BDC75A2B26B5F9B6005E16A2 /* Info.plist */,
			);
			path = EsteeLauder2021Tests;
			sourceTree = "<group>";
		};
		BDC75A3326B5F9B6005E16A2 /* EsteeLauder2021UITests */ = {
			isa = PBXGroup;
			children = (
				BDC75A3426B5F9B6005E16A2 /* EsteeLauder2021UITests.swift */,
				BDC75A3626B5F9B6005E16A2 /* Info.plist */,
			);
			path = EsteeLauder2021UITests;
			sourceTree = "<group>";
		};
/* End PBXGroup section */

/* Begin PBXNativeTarget section */
		BDC75A0B26B5F9B5005E16A2 /* EsteeLauder2021 */ = {
			isa = PBXNativeTarget;
			buildConfigurationList = BDC75A3926B5F9B6005E16A2 /* Build configuration list for PBXNativeTarget "EsteeLauder2021" */;
			buildPhases = (
				BDC75A0826B5F9B5005E16A2 /* Sources */,
				BDC75A0926B5F9B5005E16A2 /* Frameworks */,
				BDC75A0A26B5F9B5005E16A2 /* Resources */,
			);
			buildRules = (
			);
			dependencies = (
			);
			name = EsteeLauder2021;
			productName = EsteeLauder2021;
			productReference = BDC75A0C26B5F9B5005E16A2 /* EsteeLauder2021.app */;
			productType = "com.apple.product-type.application";
		};
		BDC75A2426B5F9B6005E16A2 /* EsteeLauder2021Tests */ = {
			isa = PBXNativeTarget;
			buildConfigurationList = BDC75A3C26B5F9B6005E16A2 /* Build configuration list for PBXNativeTarget "EsteeLauder2021Tests" */;
			buildPhases = (
				BDC75A2126B5F9B6005E16A2 /* Sources */,
				BDC75A2226B5F9B6005E16A2 /* Frameworks */,
				BDC75A2326B5F9B6005E16A2 /* Resources */,
			);
			buildRules = (
			);
			dependencies = (
				BDC75A2726B5F9B6005E16A2 /* PBXTargetDependency */,
			);
			name = EsteeLauder2021Tests;
			productName = EsteeLauder2021Tests;
			productReference = BDC75A2526B5F9B6005E16A2 /* EsteeLauder2021Tests.xctest */;
			productType = "com.apple.product-type.bundle.unit-test";
		};
		BDC75A2F26B5F9B6005E16A2 /* EsteeLauder2021UITests */ = {
			isa = PBXNativeTarget;
			buildConfigurationList = BDC75A3F26B5F9B6005E16A2 /* Build configuration list for PBXNativeTarget "EsteeLauder2021UITests" */;
			buildPhases = (
				BDC75A2C26B5F9B6005E16A2 /* Sources */,
				BDC75A2D26B5F9B6005E16A2 /* Frameworks */,
				BDC75A2E26B5F9B6005E16A2 /* Resources */,
			);
			buildRules = (
			);
			dependencies = (
				BDC75A3226B5F9B6005E16A2 /* PBXTargetDependency */,
			);
			name = EsteeLauder2021UITests;
			productName = EsteeLauder2021UITests;
			productReference = BDC75A3026B5F9B6005E16A2 /* EsteeLauder2021UITests.xctest */;
			productType = "com.apple.product-type.bundle.ui-testing";
		};
/* End PBXNativeTarget section */

/* Begin PBXProject section */
		BDC75A0426B5F9B5005E16A2 /* Project object */ = {
			isa = PBXProject;
			attributes = {
				LastSwiftUpdateCheck = 1250;
				LastUpgradeCheck = 1250;
				TargetAttributes = {
					BDC75A0B26B5F9B5005E16A2 = {
						CreatedOnToolsVersion = 12.5.1;
					};
					BDC75A2426B5F9B6005E16A2 = {
						CreatedOnToolsVersion = 12.5.1;
						TestTargetID = BDC75A0B26B5F9B5005E16A2;
					};
					BDC75A2F26B5F9B6005E16A2 = {
						CreatedOnToolsVersion = 12.5.1;
						TestTargetID = BDC75A0B26B5F9B5005E16A2;
					};
				};
			};
			buildConfigurationList = BDC75A0726B5F9B5005E16A2 /* Build configuration list for PBXProject "EsteeLauder2021" */;
			compatibilityVersion = "Xcode 9.3";
			developmentRegion = en;
			hasScannedForEncodings = 0;
			knownRegions = (
				en,
				Base,
			);
			mainGroup = BDC75A0326B5F9B5005E16A2;
			productRefGroup = BDC75A0D26B5F9B5005E16A2 /* Products */;
			projectDirPath = "";
			projectRoot = "";
			targets = (
				BDC75A0B26B5F9B5005E16A2 /* EsteeLauder2021 */,
				BDC75A2426B5F9B6005E16A2 /* EsteeLauder2021Tests */,
				BDC75A2F26B5F9B6005E16A2 /* EsteeLauder2021UITests */,
			);
		};
/* End PBXProject section */

/* Begin PBXResourcesBuildPhase section */
		BDC75A0A26B5F9B5005E16A2 /* Resources */ = {
			isa = PBXResourcesBuildPhase;
			buildActionMask = 2147483647;
			files = (
				BDC75A1F26B5F9B6005E16A2 /* LaunchScreen.storyboard in Resources */,
				BDC75A1C26B5F9B5005E16A2 /* Assets.xcassets in Resources */,
				BDC75A1726B5F9B5005E16A2 /* Main.storyboard in Resources */,
			);
			runOnlyForDeploymentPostprocessing = 0;
		};
		BDC75A2326B5F9B6005E16A2 /* Resources */ = {
			isa = PBXResourcesBuildPhase;
			buildActionMask = 2147483647;
			files = (
			);
			runOnlyForDeploymentPostprocessing = 0;
		};
		BDC75A2E26B5F9B6005E16A2 /* Resources */ = {
			isa = PBXResourcesBuildPhase;
			buildActionMask = 2147483647;
			files = (
			);
			runOnlyForDeploymentPostprocessing = 0;
		};
/* End PBXResourcesBuildPhase section */

/* Begin PBXSourcesBuildPhase section */
		BDC75A0826B5F9B5005E16A2 /* Sources */ = {
			isa = PBXSourcesBuildPhase;
			buildActionMask = 2147483647;
			files = (
				BDC75A1A26B5F9B5005E16A2 /* EsteeLauder2021.xcdatamodeld in Sources */,
				BDC75A1426B5F9B5005E16A2 /* ViewController.swift in Sources */,
				BDC75A1026B5F9B5005E16A2 /* AppDelegate.swift in Sources */,
				BDE7E6EF26BA59DA006D175E /* Scroll2ViewController.swift in Sources */,
				BDE7E6ED26BA2A22006D175E /* ScrollViewController.swift in Sources */,
				BDE7E6F326BA5A39006D175E /* Scroll4ViewController.swift in Sources */,
				BDE7E6F126BA59FE006D175E /* Scroll3ViewController.swift in Sources */,
				BDE7E66D26B9EA7B006D175E /* ShadeSelectorViewController.swift in Sources */,
				BDEFEB3F26B6692E0056AEBB /* SecondViewController.swift in Sources */,
				BDEFEB4126B66EB20056AEBB /* ThirdViewController.swift in Sources */,
				BDC75A1226B5F9B5005E16A2 /* SceneDelegate.swift in Sources */,
			);
			runOnlyForDeploymentPostprocessing = 0;
		};
		BDC75A2126B5F9B6005E16A2 /* Sources */ = {
			isa = PBXSourcesBuildPhase;
			buildActionMask = 2147483647;
			files = (
				BDC75A2A26B5F9B6005E16A2 /* EsteeLauder2021Tests.swift in Sources */,
			);
			runOnlyForDeploymentPostprocessing = 0;
		};
		BDC75A2C26B5F9B6005E16A2 /* Sources */ = {
			isa = PBXSourcesBuildPhase;
			buildActionMask = 2147483647;
			files = (
				BDC75A3526B5F9B6005E16A2 /* EsteeLauder2021UITests.swift in Sources */,
			);
			runOnlyForDeploymentPostprocessing = 0;
		};
/* End PBXSourcesBuildPhase section */

/* Begin PBXTargetDependency section */
		BDC75A2726B5F9B6005E16A2 /* PBXTargetDependency */ = {
			isa = PBXTargetDependency;
			target = BDC75A0B26B5F9B5005E16A2 /* EsteeLauder2021 */;
			targetProxy = BDC75A2626B5F9B6005E16A2 /* PBXContainerItemProxy */;
		};
		BDC75A3226B5F9B6005E16A2 /* PBXTargetDependency */ = {
			isa = PBXTargetDependency;
			target = BDC75A0B26B5F9B5005E16A2 /* EsteeLauder2021 */;
			targetProxy = BDC75A3126B5F9B6005E16A2 /* PBXContainerItemProxy */;
		};
/* End PBXTargetDependency section */

/* Begin PBXVariantGroup section */
		BDC75A1526B5F9B5005E16A2 /* Main.storyboard */ = {
			isa = PBXVariantGroup;
			children = (
				BDC75A1626B5F9B5005E16A2 /* Base */,
			);
			name = Main.storyboard;
			sourceTree = "<group>";
		};
		BDC75A1D26B5F9B6005E16A2 /* LaunchScreen.storyboard */ = {
			isa = PBXVariantGroup;
			children = (
				BDC75A1E26B5F9B6005E16A2 /* Base */,
			);
			name = LaunchScreen.storyboard;
			sourceTree = "<group>";
		};
/* End PBXVariantGroup section */

/* Begin XCBuildConfiguration section */
		BDC75A3726B5F9B6005E16A2 /* Debug */ = {
			isa = XCBuildConfiguration;
			buildSettings = {
				ALWAYS_SEARCH_USER_PATHS = NO;
				CLANG_ANALYZER_NONNULL = YES;
				CLANG_ANALYZER_NUMBER_OBJECT_CONVERSION = YES_AGGRESSIVE;
				CLANG_CXX_LANGUAGE_STANDARD = "gnu++14";
				CLANG_CXX_LIBRARY = "libc++";
				CLANG_ENABLE_MODULES = YES;
				CLANG_ENABLE_OBJC_ARC = YES;
				CLANG_ENABLE_OBJC_WEAK = YES;
				CLANG_WARN_BLOCK_CAPTURE_AUTORELEASING = YES;
				CLANG_WARN_BOOL_CONVERSION = YES;
				CLANG_WARN_COMMA = YES;
				CLANG_WARN_CONSTANT_CONVERSION = YES;
				CLANG_WARN_DEPRECATED_OBJC_IMPLEMENTATIONS = YES;
				CLANG_WARN_DIRECT_OBJC_ISA_USAGE = YES_ERROR;
				CLANG_WARN_DOCUMENTATION_COMMENTS = YES;
				CLANG_WARN_EMPTY_BODY = YES;
				CLANG_WARN_ENUM_CONVERSION = YES;
				CLANG_WARN_INFINITE_RECURSION = YES;
				CLANG_WARN_INT_CONVERSION = YES;
				CLANG_WARN_NON_LITERAL_NULL_CONVERSION = YES;
				CLANG_WARN_OBJC_IMPLICIT_RETAIN_SELF = YES;
				CLANG_WARN_OBJC_LITERAL_CONVERSION = YES;
				CLANG_WARN_OBJC_ROOT_CLASS = YES_ERROR;
				CLANG_WARN_QUOTED_INCLUDE_IN_FRAMEWORK_HEADER = YES;
				CLANG_WARN_RANGE_LOOP_ANALYSIS = YES;
				CLANG_WARN_STRICT_PROTOTYPES = YES;
				CLANG_WARN_SUSPICIOUS_MOVE = YES;
				CLANG_WARN_UNGUARDED_AVAILABILITY = YES_AGGRESSIVE;
				CLANG_WARN_UNREACHABLE_CODE = YES;
				CLANG_WARN__DUPLICATE_METHOD_MATCH = YES;
				COPY_PHASE_STRIP = NO;
				DEBUG_INFORMATION_FORMAT = dwarf;
				ENABLE_STRICT_OBJC_MSGSEND = YES;
				ENABLE_TESTABILITY = YES;
				GCC_C_LANGUAGE_STANDARD = gnu11;
				GCC_DYNAMIC_NO_PIC = NO;
				GCC_NO_COMMON_BLOCKS = YES;
				GCC_OPTIMIZATION_LEVEL = 0;
				GCC_PREPROCESSOR_DEFINITIONS = (
					"DEBUG=1",
					"$(inherited)",
				);
				GCC_WARN_64_TO_32_BIT_CONVERSION = YES;
				GCC_WARN_ABOUT_RETURN_TYPE = YES_ERROR;
				GCC_WARN_UNDECLARED_SELECTOR = YES;
				GCC_WARN_UNINITIALIZED_AUTOS = YES_AGGRESSIVE;
				GCC_WARN_UNUSED_FUNCTION = YES;
				GCC_WARN_UNUSED_VARIABLE = YES;
				IPHONEOS_DEPLOYMENT_TARGET = 14.5;
				MTL_ENABLE_DEBUG_INFO = INCLUDE_SOURCE;
				MTL_FAST_MATH = YES;
				ONLY_ACTIVE_ARCH = YES;
				SDKROOT = iphoneos;
				SWIFT_ACTIVE_COMPILATION_CONDITIONS = DEBUG;
				SWIFT_OPTIMIZATION_LEVEL = "-Onone";
			};
			name = Debug;
		};
		BDC75A3826B5F9B6005E16A2 /* Release */ = {
			isa = XCBuildConfiguration;
			buildSettings = {
				ALWAYS_SEARCH_USER_PATHS = NO;
				CLANG_ANALYZER_NONNULL = YES;
				CLANG_ANALYZER_NUMBER_OBJECT_CONVERSION = YES_AGGRESSIVE;
				CLANG_CXX_LANGUAGE_STANDARD = "gnu++14";
				CLANG_CXX_LIBRARY = "libc++";
				CLANG_ENABLE_MODULES = YES;
				CLANG_ENABLE_OBJC_ARC = YES;
				CLANG_ENABLE_OBJC_WEAK = YES;
				CLANG_WARN_BLOCK_CAPTURE_AUTORELEASING = YES;
				CLANG_WARN_BOOL_CONVERSION = YES;
				CLANG_WARN_COMMA = YES;
				CLANG_WARN_CONSTANT_CONVERSION = YES;
				CLANG_WARN_DEPRECATED_OBJC_IMPLEMENTATIONS = YES;
				CLANG_WARN_DIRECT_OBJC_ISA_USAGE = YES_ERROR;
				CLANG_WARN_DOCUMENTATION_COMMENTS = YES;
				CLANG_WARN_EMPTY_BODY = YES;
				CLANG_WARN_ENUM_CONVERSION = YES;
				CLANG_WARN_INFINITE_RECURSION = YES;
				CLANG_WARN_INT_CONVERSION = YES;
				CLANG_WARN_NON_LITERAL_NULL_CONVERSION = YES;
				CLANG_WARN_OBJC_IMPLICIT_RETAIN_SELF = YES;
				CLANG_WARN_OBJC_LITERAL_CONVERSION = YES;
				CLANG_WARN_OBJC_ROOT_CLASS = YES_ERROR;
				CLANG_WARN_QUOTED_INCLUDE_IN_FRAMEWORK_HEADER = YES;
				CLANG_WARN_RANGE_LOOP_ANALYSIS = YES;
				CLANG_WARN_STRICT_PROTOTYPES = YES;
				CLANG_WARN_SUSPICIOUS_MOVE = YES;
				CLANG_WARN_UNGUARDED_AVAILABILITY = YES_AGGRESSIVE;
				CLANG_WARN_UNREACHABLE_CODE = YES;
				CLANG_WARN__DUPLICATE_METHOD_MATCH = YES;
				COPY_PHASE_STRIP = NO;
				DEBUG_INFORMATION_FORMAT = "dwarf-with-dsym";
				ENABLE_NS_ASSERTIONS = NO;
				ENABLE_STRICT_OBJC_MSGSEND = YES;
				GCC_C_LANGUAGE_STANDARD = gnu11;
				GCC_NO_COMMON_BLOCKS = YES;
				GCC_WARN_64_TO_32_BIT_CONVERSION = YES;
				GCC_WARN_ABOUT_RETURN_TYPE = YES_ERROR;
				GCC_WARN_UNDECLARED_SELECTOR = YES;
				GCC_WARN_UNINITIALIZED_AUTOS = YES_AGGRESSIVE;
				GCC_WARN_UNUSED_FUNCTION = YES;
				GCC_WARN_UNUSED_VARIABLE = YES;
				IPHONEOS_DEPLOYMENT_TARGET = 14.5;
				MTL_ENABLE_DEBUG_INFO = NO;
				MTL_FAST_MATH = YES;
				SDKROOT = iphoneos;
				SWIFT_COMPILATION_MODE = wholemodule;
				SWIFT_OPTIMIZATION_LEVEL = "-O";
				VALIDATE_PRODUCT = YES;
			};
			name = Release;
		};
		BDC75A3A26B5F9B6005E16A2 /* Debug */ = {
			isa = XCBuildConfiguration;
			buildSettings = {
				ASSETCATALOG_COMPILER_APPICON_NAME = AppIcon;
				ASSETCATALOG_COMPILER_GLOBAL_ACCENT_COLOR_NAME = AccentColor;
				CODE_SIGN_STYLE = Automatic;
				INFOPLIST_FILE = EsteeLauder2021/Info.plist;
				LD_RUNPATH_SEARCH_PATHS = (
					"$(inherited)",
					"@executable_path/Frameworks",
				);
				PRODUCT_BUNDLE_IDENTIFIER = AudreyTeam.EsteeLauder2021;
				PRODUCT_NAME = "$(TARGET_NAME)";
				SWIFT_VERSION = 5.0;
				TARGETED_DEVICE_FAMILY = "1,2";
			};
			name = Debug;
		};
		BDC75A3B26B5F9B6005E16A2 /* Release */ = {
			isa = XCBuildConfiguration;
			buildSettings = {
				ASSETCATALOG_COMPILER_APPICON_NAME = AppIcon;
				ASSETCATALOG_COMPILER_GLOBAL_ACCENT_COLOR_NAME = AccentColor;
				CODE_SIGN_STYLE = Automatic;
				INFOPLIST_FILE = EsteeLauder2021/Info.plist;
				LD_RUNPATH_SEARCH_PATHS = (
					"$(inherited)",
					"@executable_path/Frameworks",
				);
				PRODUCT_BUNDLE_IDENTIFIER = AudreyTeam.EsteeLauder2021;
				PRODUCT_NAME = "$(TARGET_NAME)";
				SWIFT_VERSION = 5.0;
				TARGETED_DEVICE_FAMILY = "1,2";
			};
			name = Release;
		};
		BDC75A3D26B5F9B6005E16A2 /* Debug */ = {
			isa = XCBuildConfiguration;
			buildSettings = {
				ALWAYS_EMBED_SWIFT_STANDARD_LIBRARIES = YES;
				BUNDLE_LOADER = "$(TEST_HOST)";
				CODE_SIGN_STYLE = Automatic;
				INFOPLIST_FILE = EsteeLauder2021Tests/Info.plist;
				IPHONEOS_DEPLOYMENT_TARGET = 14.5;
				LD_RUNPATH_SEARCH_PATHS = (
					"$(inherited)",
					"@executable_path/Frameworks",
					"@loader_path/Frameworks",
				);
				PRODUCT_BUNDLE_IDENTIFIER = AudreyTeam.EsteeLauder2021Tests;
				PRODUCT_NAME = "$(TARGET_NAME)";
				SWIFT_VERSION = 5.0;
				TARGETED_DEVICE_FAMILY = "1,2";
				TEST_HOST = "$(BUILT_PRODUCTS_DIR)/EsteeLauder2021.app/EsteeLauder2021";
			};
			name = Debug;
		};
		BDC75A3E26B5F9B6005E16A2 /* Release */ = {
			isa = XCBuildConfiguration;
			buildSettings = {
				ALWAYS_EMBED_SWIFT_STANDARD_LIBRARIES = YES;
				BUNDLE_LOADER = "$(TEST_HOST)";
				CODE_SIGN_STYLE = Automatic;
				INFOPLIST_FILE = EsteeLauder2021Tests/Info.plist;
				IPHONEOS_DEPLOYMENT_TARGET = 14.5;
				LD_RUNPATH_SEARCH_PATHS = (
					"$(inherited)",
					"@executable_path/Frameworks",
					"@loader_path/Frameworks",
				);
				PRODUCT_BUNDLE_IDENTIFIER = AudreyTeam.EsteeLauder2021Tests;
				PRODUCT_NAME = "$(TARGET_NAME)";
				SWIFT_VERSION = 5.0;
				TARGETED_DEVICE_FAMILY = "1,2";
				TEST_HOST = "$(BUILT_PRODUCTS_DIR)/EsteeLauder2021.app/EsteeLauder2021";
			};
			name = Release;
		};
		BDC75A4026B5F9B6005E16A2 /* Debug */ = {
			isa = XCBuildConfiguration;
			buildSettings = {
				ALWAYS_EMBED_SWIFT_STANDARD_LIBRARIES = YES;
				CODE_SIGN_STYLE = Automatic;
				INFOPLIST_FILE = EsteeLauder2021UITests/Info.plist;
				LD_RUNPATH_SEARCH_PATHS = (
					"$(inherited)",
					"@executable_path/Frameworks",
					"@loader_path/Frameworks",
				);
				PRODUCT_BUNDLE_IDENTIFIER = AudreyTeam.EsteeLauder2021UITests;
				PRODUCT_NAME = "$(TARGET_NAME)";
				SWIFT_VERSION = 5.0;
				TARGETED_DEVICE_FAMILY = "1,2";
				TEST_TARGET_NAME = EsteeLauder2021;
			};
			name = Debug;
		};
		BDC75A4126B5F9B6005E16A2 /* Release */ = {
			isa = XCBuildConfiguration;
			buildSettings = {
				ALWAYS_EMBED_SWIFT_STANDARD_LIBRARIES = YES;
				CODE_SIGN_STYLE = Automatic;
				INFOPLIST_FILE = EsteeLauder2021UITests/Info.plist;
				LD_RUNPATH_SEARCH_PATHS = (
					"$(inherited)",
					"@executable_path/Frameworks",
					"@loader_path/Frameworks",
				);
				PRODUCT_BUNDLE_IDENTIFIER = AudreyTeam.EsteeLauder2021UITests;
				PRODUCT_NAME = "$(TARGET_NAME)";
				SWIFT_VERSION = 5.0;
				TARGETED_DEVICE_FAMILY = "1,2";
				TEST_TARGET_NAME = EsteeLauder2021;
			};
			name = Release;
		};
/* End XCBuildConfiguration section */

/* Begin XCConfigurationList section */
		BDC75A0726B5F9B5005E16A2 /* Build configuration list for PBXProject "EsteeLauder2021" */ = {
			isa = XCConfigurationList;
			buildConfigurations = (
				BDC75A3726B5F9B6005E16A2 /* Debug */,
				BDC75A3826B5F9B6005E16A2 /* Release */,
			);
			defaultConfigurationIsVisible = 0;
			defaultConfigurationName = Release;
		};
		BDC75A3926B5F9B6005E16A2 /* Build configuration list for PBXNativeTarget "EsteeLauder2021" */ = {
			isa = XCConfigurationList;
			buildConfigurations = (
				BDC75A3A26B5F9B6005E16A2 /* Debug */,
				BDC75A3B26B5F9B6005E16A2 /* Release */,
			);
			defaultConfigurationIsVisible = 0;
			defaultConfigurationName = Release;
		};
		BDC75A3C26B5F9B6005E16A2 /* Build configuration list for PBXNativeTarget "EsteeLauder2021Tests" */ = {
			isa = XCConfigurationList;
			buildConfigurations = (
				BDC75A3D26B5F9B6005E16A2 /* Debug */,
				BDC75A3E26B5F9B6005E16A2 /* Release */,
			);
			defaultConfigurationIsVisible = 0;
			defaultConfigurationName = Release;
		};
		BDC75A3F26B5F9B6005E16A2 /* Build configuration list for PBXNativeTarget "EsteeLauder2021UITests" */ = {
			isa = XCConfigurationList;
			buildConfigurations = (
				BDC75A4026B5F9B6005E16A2 /* Debug */,
				BDC75A4126B5F9B6005E16A2 /* Release */,
			);
			defaultConfigurationIsVisible = 0;
			defaultConfigurationName = Release;
		};
/* End XCConfigurationList section */

/* Begin XCVersionGroup section */
		BDC75A1826B5F9B5005E16A2 /* EsteeLauder2021.xcdatamodeld */ = {
			isa = XCVersionGroup;
			children = (
				BDC75A1926B5F9B5005E16A2 /* EsteeLauder2021.xcdatamodel */,
			);
			currentVersion = BDC75A1926B5F9B5005E16A2 /* EsteeLauder2021.xcdatamodel */;
			path = EsteeLauder2021.xcdatamodeld;
			sourceTree = "<group>";
			versionGroupType = wrapper.xcdatamodel;
		};
/* End XCVersionGroup section */
	};
	rootObject = BDC75A0426B5F9B5005E16A2 /* Project object */;
}
